
Microsoft Visual Studio Solution File, Format Version 12.00
# Visual Studio Version 17
VisualStudioVersion = 17.7.34024.191
MinimumVisualStudioVersion = 10.0.40219.1
Project("{FAE04EC0-301F-11D3-BF4B-00C04F79EFBC}") = "WinFormsApp2", "WinFormsApp2\WinFormsApp2.csproj", "{008AE447-4E99-4304-8D7A-A29709E38D8C}"
EndProject
Global
	GlobalSection(SolutionConfigurationPlatforms) = preSolution
		Debug|Any CPU = Debug|Any CPU
		Release|Any CPU = Release|Any CPU
	EndGlobalSection
	GlobalSection(ProjectConfigurationPlatforms) = postSolution
		{008AE447-4E99-4304-8D7A-A29709E38D8C}.Debug|Any CPU.ActiveCfg = Debug|Any CPU
		{008AE447-4E99-4304-8D7A-A29709E38D8C}.Debug|Any CPU.Build.0 = Debug|Any CPU
		{008AE447-4E99-4304-8D7A-A29709E38D8C}.Release|Any CPU.ActiveCfg = Release|Any CPU
		{008AE447-4E99-4304-8D7A-A29709E38D8C}.Release|Any CPU.Build.0 = Release|Any CPU
	EndGlobalSection
	GlobalSection(SolutionProperties) = preSolution
		HideSolutionNode = FALSE
	EndGlobalSection
	GlobalSection(ExtensibilityGlobals) = postSolution
		SolutionGuid = {E84A741F-7C5F-4FB3-B4A8-6A30B9E26FC1}
	EndGlobalSection
EndGlobal
